
Microsoft Visual Studio Solution File, Format Version 12.00
# Visual Studio 2013
VisualStudioVersion = 12.0.21005.1
MinimumVisualStudioVersion = 10.0.40219.1
Project("{FAE04EC0-301F-11D3-BF4B-00C04F79EFBC}") = "MVC_APP01", "MVC_APP01\MVC_APP01.csproj", "{894BD686-CE71-4CB4-81DB-6E41A3668405}"
EndProject
Global
	GlobalSection(SolutionConfigurationPlatforms) = preSolution
		Debug|Any CPU = Debug|Any CPU
		Release|Any CPU = Release|Any CPU
	EndGlobalSection
	GlobalSection(ProjectConfigurationPlatforms) = postSolution
		{894BD686-CE71-4CB4-81DB-6E41A3668405}.Debug|Any CPU.ActiveCfg = Debug|Any CPU
		{894BD686-CE71-4CB4-81DB-6E41A3668405}.Debug|Any CPU.Build.0 = Debug|Any CPU
		{894BD686-CE71-4CB4-81DB-6E41A3668405}.Release|Any CPU.ActiveCfg = Release|Any CPU
		{894BD686-CE71-4CB4-81DB-6E41A3668405}.Release|Any CPU.Build.0 = Release|Any CPU
	EndGlobalSection
	GlobalSection(SolutionProperties) = preSolution
		HideSolutionNode = FALSE
	EndGlobalSection
EndGlobal
